
Microsoft Visual Studio Solution File, Format Version 12.00
# Visual Studio Version 17
VisualStudioVersion = 17.5.002.0
MinimumVisualStudioVersion = 10.0.40219.1
Project("{9A19103F-16F7-4668-BE54-9A1E7A4F7556}") = "CRMApp", "CRMApp.csproj", "{FC7E1ED8-00B0-4159-AEEC-690E4687091E}"
EndProject
Global
	GlobalSection(SolutionConfigurationPlatforms) = preSolution
		Debug|Any CPU = Debug|Any CPU
		Release|Any CPU = Release|Any CPU
	EndGlobalSection
	GlobalSection(ProjectConfigurationPlatforms) = postSolution
		{FC7E1ED8-00B0-4159-AEEC-690E4687091E}.Debug|Any CPU.ActiveCfg = Debug|Any CPU
		{FC7E1ED8-00B0-4159-AEEC-690E4687091E}.Debug|Any CPU.Build.0 = Debug|Any CPU
		{FC7E1ED8-00B0-4159-AEEC-690E4687091E}.Release|Any CPU.ActiveCfg = Release|Any CPU
		{FC7E1ED8-00B0-4159-AEEC-690E4687091E}.Release|Any CPU.Build.0 = Release|Any CPU
	EndGlobalSection
	GlobalSection(SolutionProperties) = preSolution
		HideSolutionNode = FALSE
	EndGlobalSection
	GlobalSection(ExtensibilityGlobals) = postSolution
		SolutionGuid = {9541005E-63FB-4C01-8109-B8321BDA3D42}
	EndGlobalSection
EndGlobal
